// !$*UTF8*$!
{
	archiveVersion = 1;
	classes = {
	};
	objectVersion = 77;
	objects = {

/* Begin PBXBuildFile section */
		4708F5012E349D02007E45B1 /* FavoriteViewController.swift in Sources */ = {isa = PBXBuildFile; fileRef = 4708F5002E349D02007E45B1 /* FavoriteViewController.swift */; };
		4708F5032E349D0E007E45B1 /* AccountViewController.swift in Sources */ = {isa = PBXBuildFile; fileRef = 4708F5022E349D0E007E45B1 /* AccountViewController.swift */; };
		4717C9322E2CF13E004F06FF /* Alert+Extensions.swift in Sources */ = {isa = PBXBuildFile; fileRef = 4717C9312E2CF132004F06FF /* Alert+Extensions.swift */; };
		4717C9362E2D08A1004F06FF /* APIService.swift in Sources */ = {isa = PBXBuildFile; fileRef = 4717C9352E2D0899004F06FF /* APIService.swift */; };
		4717C9382E2D08BB004F06FF /* APIEndpoint.swift in Sources */ = {isa = PBXBuildFile; fileRef = 4717C9372E2D08B9004F06FF /* APIEndpoint.swift */; };
		4717C93A2E3497A8004F06FF /* ExploreViewController.swift in Sources */ = {isa = PBXBuildFile; fileRef = 4717C9392E3497A8004F06FF /* ExploreViewController.swift */; };
		4717C93C2E349C0C004F06FF /* CartViewController.swift in Sources */ = {isa = PBXBuildFile; fileRef = 4717C93B2E349C0C004F06FF /* CartViewController.swift */; };
		472A11AD2E2B7B520066204D /* AppDelegate.swift in Sources */ = {isa = PBXBuildFile; fileRef = 472A11A22E2B7B520066204D /* AppDelegate.swift */; };
		472A11AF2E2B7B520066204D /* SceneDelegate.swift in Sources */ = {isa = PBXBuildFile; fileRef = 472A11AA2E2B7B520066204D /* SceneDelegate.swift */; };
		472A11B12E2B7B520066204D /* Assets.xcassets in Resources */ = {isa = PBXBuildFile; fileRef = 472A11A32E2B7B520066204D /* Assets.xcassets */; };
		472A11B32E2B7B520066204D /* LaunchScreen.storyboard in Resources */ = {isa = PBXBuildFile; fileRef = 472A11A62E2B7B520066204D /* LaunchScreen.storyboard */; };
		472A11C22E2CC0000066204D /* HomeViewController.swift in Sources */ = {isa = PBXBuildFile; fileRef = 472A11BC2E2CC0000066204D /* HomeViewController.swift */; };
		472A11C32E2CC0000066204D /* RegisterViewController.swift in Sources */ = {isa = PBXBuildFile; fileRef = 472A11BF2E2CC0000066204D /* RegisterViewController.swift */; };
		472A11C42E2CC0000066204D /* SignInViewController.swift in Sources */ = {isa = PBXBuildFile; fileRef = 472A11C02E2CC0000066204D /* SignInViewController.swift */; };
		472A11C52E2CC0000066204D /* Main.storyboard in Resources */ = {isa = PBXBuildFile; fileRef = 472A11BE2E2CC0000066204D /* Main.storyboard */; };
		472A11C82E2CC0070066204D /* RegisterAPIModel.swift in Sources */ = {isa = PBXBuildFile; fileRef = 472A11C62E2CC0070066204D /* RegisterAPIModel.swift */; };
		472A11CC2E2CC2370066204D /* RegisterViewModel.swift in Sources */ = {isa = PBXBuildFile; fileRef = 472A11CB2E2CC22B0066204D /* RegisterViewModel.swift */; };
		472A11D62E2CE1DC0066204D /* SignInAPIModel.swift in Sources */ = {isa = PBXBuildFile; fileRef = 472A11D52E2CE1D00066204D /* SignInAPIModel.swift */; };
		472A11D82E2CE2930066204D /* SignInViewModel.swift in Sources */ = {isa = PBXBuildFile; fileRef = 472A11D72E2CE28A0066204D /* SignInViewModel.swift */; };
/* End PBXBuildFile section */

/* Begin PBXFileReference section */
		4708F5002E349D02007E45B1 /* FavoriteViewController.swift */ = {isa = PBXFileReference; lastKnownFileType = sourcecode.swift; path = FavoriteViewController.swift; sourceTree = "<group>"; };
		4708F5022E349D0E007E45B1 /* AccountViewController.swift */ = {isa = PBXFileReference; lastKnownFileType = sourcecode.swift; path = AccountViewController.swift; sourceTree = "<group>"; };
		4717C9312E2CF132004F06FF /* Alert+Extensions.swift */ = {isa = PBXFileReference; lastKnownFileType = sourcecode.swift; path = "Alert+Extensions.swift"; sourceTree = "<group>"; };
		4717C9352E2D0899004F06FF /* APIService.swift */ = {isa = PBXFileReference; lastKnownFileType = sourcecode.swift; path = APIService.swift; sourceTree = "<group>"; };
		4717C9372E2D08B9004F06FF /* APIEndpoint.swift */ = {isa = PBXFileReference; lastKnownFileType = sourcecode.swift; path = APIEndpoint.swift; sourceTree = "<group>"; };
		4717C9392E3497A8004F06FF /* ExploreViewController.swift */ = {isa = PBXFileReference; lastKnownFileType = sourcecode.swift; path = ExploreViewController.swift; sourceTree = "<group>"; };
		4717C93B2E349C0C004F06FF /* CartViewController.swift */ = {isa = PBXFileReference; lastKnownFileType = sourcecode.swift; path = CartViewController.swift; sourceTree = "<group>"; };
		472A11862E0FA9F50066204D /* FakeStoreDemo.app */ = {isa = PBXFileReference; explicitFileType = wrapper.application; includeInIndex = 0; path = FakeStoreDemo.app; sourceTree = BUILT_PRODUCTS_DIR; };
		472A11A22E2B7B520066204D /* AppDelegate.swift */ = {isa = PBXFileReference; lastKnownFileType = sourcecode.swift; path = AppDelegate.swift; sourceTree = "<group>"; };
		472A11A32E2B7B520066204D /* Assets.xcassets */ = {isa = PBXFileReference; lastKnownFileType = folder.assetcatalog; path = Assets.xcassets; sourceTree = "<group>"; };
		472A11A42E2B7B520066204D /* Info.plist */ = {isa = PBXFileReference; lastKnownFileType = text.plist.xml; path = Info.plist; sourceTree = "<group>"; };
		472A11A52E2B7B520066204D /* Base */ = {isa = PBXFileReference; lastKnownFileType = file.storyboard; name = Base; path = Base.lproj/LaunchScreen.storyboard; sourceTree = "<group>"; };
		472A11AA2E2B7B520066204D /* SceneDelegate.swift */ = {isa = PBXFileReference; lastKnownFileType = sourcecode.swift; path = SceneDelegate.swift; sourceTree = "<group>"; };
		472A11BC2E2CC0000066204D /* HomeViewController.swift */ = {isa = PBXFileReference; lastKnownFileType = sourcecode.swift; path = HomeViewController.swift; sourceTree = "<group>"; };
		472A11BD2E2CC0000066204D /* Base */ = {isa = PBXFileReference; lastKnownFileType = file.storyboard; name = Base; path = Base.lproj/Main.storyboard; sourceTree = "<group>"; };
		472A11BF2E2CC0000066204D /* RegisterViewController.swift */ = {isa = PBXFileReference; lastKnownFileType = sourcecode.swift; path = RegisterViewController.swift; sourceTree = "<group>"; };
		472A11C02E2CC0000066204D /* SignInViewController.swift */ = {isa = PBXFileReference; lastKnownFileType = sourcecode.swift; path = SignInViewController.swift; sourceTree = "<group>"; };
		472A11C62E2CC0070066204D /* RegisterAPIModel.swift */ = {isa = PBXFileReference; lastKnownFileType = sourcecode.swift; path = RegisterAPIModel.swift; sourceTree = "<group>"; };
		472A11CB2E2CC22B0066204D /* RegisterViewModel.swift */ = {isa = PBXFileReference; lastKnownFileType = sourcecode.swift; path = RegisterViewModel.swift; sourceTree = "<group>"; };
		472A11D52E2CE1D00066204D /* SignInAPIModel.swift */ = {isa = PBXFileReference; lastKnownFileType = sourcecode.swift; path = SignInAPIModel.swift; sourceTree = "<group>"; };
		472A11D72E2CE28A0066204D /* SignInViewModel.swift */ = {isa = PBXFileReference; lastKnownFileType = sourcecode.swift; path = SignInViewModel.swift; sourceTree = "<group>"; };
/* End PBXFileReference section */

/* Begin PBXFrameworksBuildPhase section */
		472A11832E0FA9F50066204D /* Frameworks */ = {
			isa = PBXFrameworksBuildPhase;
			buildActionMask = 2147483647;
			files = (
			);
			runOnlyForDeploymentPostprocessing = 0;
		};
/* End PBXFrameworksBuildPhase section */

/* Begin PBXGroup section */
		4717C9302E2CF10B004F06FF /* Extensions */ = {
			isa = PBXGroup;
			children = (
				4717C9312E2CF132004F06FF /* Alert+Extensions.swift */,
			);
			path = Extensions;
			sourceTree = "<group>";
		};
		4717C9342E2D0887004F06FF /* Network */ = {
			isa = PBXGroup;
			children = (
				4717C9372E2D08B9004F06FF /* APIEndpoint.swift */,
				4717C9352E2D0899004F06FF /* APIService.swift */,
			);
			path = Network;
			sourceTree = "<group>";
		};
		472A117D2E0FA9F50066204D = {
			isa = PBXGroup;
			children = (
				472A11AC2E2B7B520066204D /* FakeStoreDemo */,
				472A11872E0FA9F50066204D /* Products */,
			);
			sourceTree = "<group>";
		};
		472A11872E0FA9F50066204D /* Products */ = {
			isa = PBXGroup;
			children = (
				472A11862E0FA9F50066204D /* FakeStoreDemo.app */,
			);
			name = Products;
			sourceTree = "<group>";
		};
		472A11AC2E2B7B520066204D /* FakeStoreDemo */ = {
			isa = PBXGroup;
			children = (
				472A11A22E2B7B520066204D /* AppDelegate.swift */,
				472A11A32E2B7B520066204D /* Assets.xcassets */,
				472A11A42E2B7B520066204D /* Info.plist */,
				472A11A62E2B7B520066204D /* LaunchScreen.storyboard */,
				472A11AA2E2B7B520066204D /* SceneDelegate.swift */,
				472A11BE2E2CC0000066204D /* Main.storyboard */,
				4708F5002E349D02007E45B1 /* FavoriteViewController.swift */,
				4708F5022E349D0E007E45B1 /* AccountViewController.swift */,
				472A11BC2E2CC0000066204D /* HomeViewController.swift */,
				4717C9392E3497A8004F06FF /* ExploreViewController.swift */,
				4717C93B2E349C0C004F06FF /* CartViewController.swift */,
				472A11D42E2CE1620066204D /* SignIn */,
				472A11CE2E2CC3310066204D /* Register */,
				4717C9342E2D0887004F06FF /* Network */,
				4717C9302E2CF10B004F06FF /* Extensions */,
			);
			path = FakeStoreDemo;
			sourceTree = "<group>";
		};
		472A11CE2E2CC3310066204D /* Register */ = {
			isa = PBXGroup;
			children = (
				472A11BF2E2CC0000066204D /* RegisterViewController.swift */,
				472A11C62E2CC0070066204D /* RegisterAPIModel.swift */,
				472A11CB2E2CC22B0066204D /* RegisterViewModel.swift */,
			);
			path = Register;
			sourceTree = "<group>";
		};
		472A11D42E2CE1620066204D /* SignIn */ = {
			isa = PBXGroup;
			children = (
				472A11C02E2CC0000066204D /* SignInViewController.swift */,
				472A11D52E2CE1D00066204D /* SignInAPIModel.swift */,
				472A11D72E2CE28A0066204D /* SignInViewModel.swift */,
			);
			path = SignIn;
			sourceTree = "<group>";
		};
/* End PBXGroup section */

/* Begin PBXNativeTarget section */
		472A11852E0FA9F50066204D /* FakeStoreDemo */ = {
			isa = PBXNativeTarget;
			buildConfigurationList = 472A11992E0FA9F60066204D /* Build configuration list for PBXNativeTarget "FakeStoreDemo" */;
			buildPhases = (
				472A11822E0FA9F50066204D /* Sources */,
				472A11832E0FA9F50066204D /* Frameworks */,
				472A11842E0FA9F50066204D /* Resources */,
			);
			buildRules = (
			);
			dependencies = (
			);
			name = FakeStoreDemo;
			packageProductDependencies = (
			);
			productName = FakeStoreDemo;
			productReference = 472A11862E0FA9F50066204D /* FakeStoreDemo.app */;
			productType = "com.apple.product-type.application";
		};
/* End PBXNativeTarget section */

/* Begin PBXProject section */
		472A117E2E0FA9F50066204D /* Project object */ = {
			isa = PBXProject;
			attributes = {
				BuildIndependentTargetsInParallel = 1;
				LastSwiftUpdateCheck = 2600;
				LastUpgradeCheck = 2600;
				TargetAttributes = {
					472A11852E0FA9F50066204D = {
						CreatedOnToolsVersion = 26.0;
					};
				};
			};
			buildConfigurationList = 472A11812E0FA9F50066204D /* Build configuration list for PBXProject "FakeStoreDemo" */;
			developmentRegion = en;
			hasScannedForEncodings = 0;
			knownRegions = (
				en,
				Base,
			);
			mainGroup = 472A117D2E0FA9F50066204D;
			minimizedProjectReferenceProxies = 1;
			preferredProjectObjectVersion = 77;
			productRefGroup = 472A11872E0FA9F50066204D /* Products */;
			projectDirPath = "";
			projectRoot = "";
			targets = (
				472A11852E0FA9F50066204D /* FakeStoreDemo */,
			);
		};
/* End PBXProject section */

/* Begin PBXResourcesBuildPhase section */
		472A11842E0FA9F50066204D /* Resources */ = {
			isa = PBXResourcesBuildPhase;
			buildActionMask = 2147483647;
			files = (
				472A11C52E2CC0000066204D /* Main.storyboard in Resources */,
				472A11B12E2B7B520066204D /* Assets.xcassets in Resources */,
				472A11B32E2B7B520066204D /* LaunchScreen.storyboard in Resources */,
			);
			runOnlyForDeploymentPostprocessing = 0;
		};
/* End PBXResourcesBuildPhase section */

/* Begin PBXSourcesBuildPhase section */
		472A11822E0FA9F50066204D /* Sources */ = {
			isa = PBXSourcesBuildPhase;
			buildActionMask = 2147483647;
			files = (
				472A11C82E2CC0070066204D /* RegisterAPIModel.swift in Sources */,
				472A11CC2E2CC2370066204D /* RegisterViewModel.swift in Sources */,
				4708F5032E349D0E007E45B1 /* AccountViewController.swift in Sources */,
				4717C93C2E349C0C004F06FF /* CartViewController.swift in Sources */,
				472A11D62E2CE1DC0066204D /* SignInAPIModel.swift in Sources */,
				4708F5012E349D02007E45B1 /* FavoriteViewController.swift in Sources */,
				472A11AD2E2B7B520066204D /* AppDelegate.swift in Sources */,
				4717C9362E2D08A1004F06FF /* APIService.swift in Sources */,
				472A11C22E2CC0000066204D /* HomeViewController.swift in Sources */,
				472A11D82E2CE2930066204D /* SignInViewModel.swift in Sources */,
				4717C9382E2D08BB004F06FF /* APIEndpoint.swift in Sources */,
				4717C9322E2CF13E004F06FF /* Alert+Extensions.swift in Sources */,
				472A11C32E2CC0000066204D /* RegisterViewController.swift in Sources */,
				4717C93A2E3497A8004F06FF /* ExploreViewController.swift in Sources */,
				472A11C42E2CC0000066204D /* SignInViewController.swift in Sources */,
				472A11AF2E2B7B520066204D /* SceneDelegate.swift in Sources */,
			);
			runOnlyForDeploymentPostprocessing = 0;
		};
/* End PBXSourcesBuildPhase section */

/* Begin PBXVariantGroup section */
		472A11A62E2B7B520066204D /* LaunchScreen.storyboard */ = {
			isa = PBXVariantGroup;
			children = (
				472A11A52E2B7B520066204D /* Base */,
			);
			name = LaunchScreen.storyboard;
			sourceTree = "<group>";
		};
		472A11BE2E2CC0000066204D /* Main.storyboard */ = {
			isa = PBXVariantGroup;
			children = (
				472A11BD2E2CC0000066204D /* Base */,
			);
			name = Main.storyboard;
			sourceTree = "<group>";
		};
/* End PBXVariantGroup section */

/* Begin XCBuildConfiguration section */
		472A119A2E0FA9F60066204D /* Debug */ = {
			isa = XCBuildConfiguration;
			buildSettings = {
				ASSETCATALOG_COMPILER_APPICON_NAME = AppIcon;
				ASSETCATALOG_COMPILER_GLOBAL_ACCENT_COLOR_NAME = AccentColor;
				CODE_SIGN_STYLE = Automatic;
				CURRENT_PROJECT_VERSION = 1;
				GENERATE_INFOPLIST_FILE = YES;
				INFOPLIST_FILE = FakeStoreDemo/Info.plist;
				INFOPLIST_KEY_UIApplicationSupportsIndirectInputEvents = YES;
				INFOPLIST_KEY_UILaunchStoryboardName = LaunchScreen;
				INFOPLIST_KEY_UIMainStoryboardFile = Main;
				INFOPLIST_KEY_UISupportedInterfaceOrientations_iPad = "UIInterfaceOrientationPortrait UIInterfaceOrientationPortraitUpsideDown UIInterfaceOrientationLandscapeLeft UIInterfaceOrientationLandscapeRight";
				INFOPLIST_KEY_UISupportedInterfaceOrientations_iPhone = "UIInterfaceOrientationPortrait UIInterfaceOrientationLandscapeLeft UIInterfaceOrientationLandscapeRight";
				LD_RUNPATH_SEARCH_PATHS = (
					"$(inherited)",
					"@executable_path/Frameworks",
				);
				MARKETING_VERSION = 1.0;
				PRODUCT_BUNDLE_IDENTIFIER = com.adamSH.FakeStoreDemo;
				PRODUCT_NAME = "$(TARGET_NAME)";
				STRING_CATALOG_GENERATE_SYMBOLS = YES;
				SWIFT_DEFAULT_ACTOR_ISOLATION = MainActor;
				SWIFT_EMIT_LOC_STRINGS = YES;
				SWIFT_UPCOMING_FEATURE_MEMBER_IMPORT_VISIBILITY = YES;
				SWIFT_VERSION = 5.0;
				TARGETED_DEVICE_FAMILY = "1,2";
			};
			name = Debug;
		};
		472A119B2E0FA9F60066204D /* Release */ = {
			isa = XCBuildConfiguration;
			buildSettings = {
				ASSETCATALOG_COMPILER_APPICON_NAME = AppIcon;
				ASSETCATALOG_COMPILER_GLOBAL_ACCENT_COLOR_NAME = AccentColor;
				CODE_SIGN_STYLE = Automatic;
				CURRENT_PROJECT_VERSION = 1;
				GENERATE_INFOPLIST_FILE = YES;
				INFOPLIST_FILE = FakeStoreDemo/Info.plist;
				INFOPLIST_KEY_UIApplicationSupportsIndirectInputEvents = YES;
				INFOPLIST_KEY_UILaunchStoryboardName = LaunchScreen;
				INFOPLIST_KEY_UIMainStoryboardFile = Main;
				INFOPLIST_KEY_UISupportedInterfaceOrientations_iPad = "UIInterfaceOrientationPortrait UIInterfaceOrientationPortraitUpsideDown UIInterfaceOrientationLandscapeLeft UIInterfaceOrientationLandscapeRight";
				INFOPLIST_KEY_UISupportedInterfaceOrientations_iPhone = "UIInterfaceOrientationPortrait UIInterfaceOrientationLandscapeLeft UIInterfaceOrientationLandscapeRight";
				LD_RUNPATH_SEARCH_PATHS = (
					"$(inherited)",
					"@executable_path/Frameworks",
				);
				MARKETING_VERSION = 1.0;
				PRODUCT_BUNDLE_IDENTIFIER = com.adamSH.FakeStoreDemo;
				PRODUCT_NAME = "$(TARGET_NAME)";
				STRING_CATALOG_GENERATE_SYMBOLS = YES;
				SWIFT_DEFAULT_ACTOR_ISOLATION = MainActor;
				SWIFT_EMIT_LOC_STRINGS = YES;
				SWIFT_UPCOMING_FEATURE_MEMBER_IMPORT_VISIBILITY = YES;
				SWIFT_VERSION = 5.0;
				TARGETED_DEVICE_FAMILY = "1,2";
			};
			name = Release;
		};
		472A119C2E0FA9F60066204D /* Debug */ = {
			isa = XCBuildConfiguration;
			buildSettings = {
				ALWAYS_SEARCH_USER_PATHS = NO;
				ASSETCATALOG_COMPILER_GENERATE_SWIFT_ASSET_SYMBOL_EXTENSIONS = YES;
				CLANG_ANALYZER_NONNULL = YES;
				CLANG_ANALYZER_NUMBER_OBJECT_CONVERSION = YES_AGGRESSIVE;
				CLANG_CXX_LANGUAGE_STANDARD = "gnu++20";
				CLANG_ENABLE_MODULES = YES;
				CLANG_ENABLE_OBJC_ARC = YES;
				CLANG_ENABLE_OBJC_WEAK = YES;
				CLANG_WARN_BLOCK_CAPTURE_AUTORELEASING = YES;
				CLANG_WARN_BOOL_CONVERSION = YES;
				CLANG_WARN_COMMA = YES;
				CLANG_WARN_CONSTANT_CONVERSION = YES;
				CLANG_WARN_DEPRECATED_OBJC_IMPLEMENTATIONS = YES;
				CLANG_WARN_DIRECT_OBJC_ISA_USAGE = YES_ERROR;
				CLANG_WARN_DOCUMENTATION_COMMENTS = YES;
				CLANG_WARN_EMPTY_BODY = YES;
				CLANG_WARN_ENUM_CONVERSION = YES;
				CLANG_WARN_INFINITE_RECURSION = YES;
				CLANG_WARN_INT_CONVERSION = YES;
				CLANG_WARN_NON_LITERAL_NULL_CONVERSION = YES;
				CLANG_WARN_OBJC_IMPLICIT_RETAIN_SELF = YES;
				CLANG_WARN_OBJC_LITERAL_CONVERSION = YES;
				CLANG_WARN_OBJC_ROOT_CLASS = YES_ERROR;
				CLANG_WARN_QUOTED_INCLUDE_IN_FRAMEWORK_HEADER = YES;
				CLANG_WARN_RANGE_LOOP_ANALYSIS = YES;
				CLANG_WARN_STRICT_PROTOTYPES = YES;
				CLANG_WARN_SUSPICIOUS_MOVE = YES;
				CLANG_WARN_UNGUARDED_AVAILABILITY = YES_AGGRESSIVE;
				CLANG_WARN_UNREACHABLE_CODE = YES;
				CLANG_WARN__DUPLICATE_METHOD_MATCH = YES;
				COPY_PHASE_STRIP = NO;
				DEBUG_INFORMATION_FORMAT = dwarf;
				ENABLE_STRICT_OBJC_MSGSEND = YES;
				ENABLE_TESTABILITY = YES;
				ENABLE_USER_SCRIPT_SANDBOXING = YES;
				GCC_C_LANGUAGE_STANDARD = gnu17;
				GCC_DYNAMIC_NO_PIC = NO;
				GCC_NO_COMMON_BLOCKS = YES;
				GCC_OPTIMIZATION_LEVEL = 0;
				GCC_PREPROCESSOR_DEFINITIONS = (
					"DEBUG=1",
					"$(inherited)",
				);
				GCC_WARN_64_TO_32_BIT_CONVERSION = YES;
				GCC_WARN_ABOUT_RETURN_TYPE = YES_ERROR;
				GCC_WARN_UNDECLARED_SELECTOR = YES;
				GCC_WARN_UNINITIALIZED_AUTOS = YES_AGGRESSIVE;
				GCC_WARN_UNUSED_FUNCTION = YES;
				GCC_WARN_UNUSED_VARIABLE = YES;
				IPHONEOS_DEPLOYMENT_TARGET = 26.0;
				LOCALIZATION_PREFERS_STRING_CATALOGS = YES;
				MTL_ENABLE_DEBUG_INFO = INCLUDE_SOURCE;
				MTL_FAST_MATH = YES;
				ONLY_ACTIVE_ARCH = YES;
				SDKROOT = iphoneos;
				SWIFT_ACTIVE_COMPILATION_CONDITIONS = "DEBUG $(inherited)";
				SWIFT_OPTIMIZATION_LEVEL = "-Onone";
			};
			name = Debug;
		};
		472A119D2E0FA9F60066204D /* Release */ = {
			isa = XCBuildConfiguration;
			buildSettings = {
				ALWAYS_SEARCH_USER_PATHS = NO;
				ASSETCATALOG_COMPILER_GENERATE_SWIFT_ASSET_SYMBOL_EXTENSIONS = YES;
				CLANG_ANALYZER_NONNULL = YES;
				CLANG_ANALYZER_NUMBER_OBJECT_CONVERSION = YES_AGGRESSIVE;
				CLANG_CXX_LANGUAGE_STANDARD = "gnu++20";
				CLANG_ENABLE_MODULES = YES;
				CLANG_ENABLE_OBJC_ARC = YES;
				CLANG_ENABLE_OBJC_WEAK = YES;
				CLANG_WARN_BLOCK_CAPTURE_AUTORELEASING = YES;
				CLANG_WARN_BOOL_CONVERSION = YES;
				CLANG_WARN_COMMA = YES;
				CLANG_WARN_CONSTANT_CONVERSION = YES;
				CLANG_WARN_DEPRECATED_OBJC_IMPLEMENTATIONS = YES;
				CLANG_WARN_DIRECT_OBJC_ISA_USAGE = YES_ERROR;
				CLANG_WARN_DOCUMENTATION_COMMENTS = YES;
				CLANG_WARN_EMPTY_BODY = YES;
				CLANG_WARN_ENUM_CONVERSION = YES;
				CLANG_WARN_INFINITE_RECURSION = YES;
				CLANG_WARN_INT_CONVERSION = YES;
				CLANG_WARN_NON_LITERAL_NULL_CONVERSION = YES;
				CLANG_WARN_OBJC_IMPLICIT_RETAIN_SELF = YES;
				CLANG_WARN_OBJC_LITERAL_CONVERSION = YES;
				CLANG_WARN_OBJC_ROOT_CLASS = YES_ERROR;
				CLANG_WARN_QUOTED_INCLUDE_IN_FRAMEWORK_HEADER = YES;
				CLANG_WARN_RANGE_LOOP_ANALYSIS = YES;
				CLANG_WARN_STRICT_PROTOTYPES = YES;
				CLANG_WARN_SUSPICIOUS_MOVE = YES;
				CLANG_WARN_UNGUARDED_AVAILABILITY = YES_AGGRESSIVE;
				CLANG_WARN_UNREACHABLE_CODE = YES;
				CLANG_WARN__DUPLICATE_METHOD_MATCH = YES;
				COPY_PHASE_STRIP = NO;
				DEBUG_INFORMATION_FORMAT = "dwarf-with-dsym";
				ENABLE_NS_ASSERTIONS = NO;
				ENABLE_STRICT_OBJC_MSGSEND = YES;
				ENABLE_USER_SCRIPT_SANDBOXING = YES;
				GCC_C_LANGUAGE_STANDARD = gnu17;
				GCC_NO_COMMON_BLOCKS = YES;
				GCC_WARN_64_TO_32_BIT_CONVERSION = YES;
				GCC_WARN_ABOUT_RETURN_TYPE = YES_ERROR;
				GCC_WARN_UNDECLARED_SELECTOR = YES;
				GCC_WARN_UNINITIALIZED_AUTOS = YES_AGGRESSIVE;
				GCC_WARN_UNUSED_FUNCTION = YES;
				GCC_WARN_UNUSED_VARIABLE = YES;
				IPHONEOS_DEPLOYMENT_TARGET = 26.0;
				LOCALIZATION_PREFERS_STRING_CATALOGS = YES;
				MTL_ENABLE_DEBUG_INFO = NO;
				MTL_FAST_MATH = YES;
				SDKROOT = iphoneos;
				SWIFT_COMPILATION_MODE = wholemodule;
				VALIDATE_PRODUCT = YES;
			};
			name = Release;
		};
/* End XCBuildConfiguration section */

/* Begin XCConfigurationList section */
		472A11812E0FA9F50066204D /* Build configuration list for PBXProject "FakeStoreDemo" */ = {
			isa = XCConfigurationList;
			buildConfigurations = (
				472A119C2E0FA9F60066204D /* Debug */,
				472A119D2E0FA9F60066204D /* Release */,
			);
			defaultConfigurationIsVisible = 0;
			defaultConfigurationName = Release;
		};
		472A11992E0FA9F60066204D /* Build configuration list for PBXNativeTarget "FakeStoreDemo" */ = {
			isa = XCConfigurationList;
			buildConfigurations = (
				472A119A2E0FA9F60066204D /* Debug */,
				472A119B2E0FA9F60066204D /* Release */,
			);
			defaultConfigurationIsVisible = 0;
			defaultConfigurationName = Release;
		};
/* End XCConfigurationList section */
	};
	rootObject = 472A117E2E0FA9F50066204D /* Project object */;
}
